
Microsoft Visual Studio Solution File, Format Version 12.00
# Visual Studio Version 17
VisualStudioVersion = 17.5.33414.496
MinimumVisualStudioVersion = 10.0.40219.1
Project("{9A19103F-16F7-4668-BE54-9A1E7A4F7556}") = "AnonTextShareAPI", "AnonTextShareAPI\AnonTextShareAPI.csproj", "{9759A008-FBF5-4A87-BD4F-6B40E04CA582}"
EndProject
Project("{9A19103F-16F7-4668-BE54-9A1E7A4F7556}") = "AnonTextAppConsoleUI", "AnonTextAppConsoleUI\AnonTextAppConsoleUI.csproj", "{0E8EB77A-FB50-4529-AD77-304B6F8FD58D}"
EndProject
Project("{9A19103F-16F7-4668-BE54-9A1E7A4F7556}") = "AnonTextShareStorage", "AnonTextShareStorage\AnonTextShareStorage.csproj", "{763A0121-EFE2-4CFB-94DD-27A63300AA0B}"
EndProject
Project("{FAE04EC0-301F-11D3-BF4B-00C04F79EFBC}") = "AnonTextAppGUI", "AnonTextAppGUI\AnonTextAppGUI.csproj", "{5CFE860C-46BC-40A6-8F2A-3229A67C1701}"
EndProject
Global
	GlobalSection(SolutionConfigurationPlatforms) = preSolution
		Debug|Any CPU = Debug|Any CPU
		Release|Any CPU = Release|Any CPU
	EndGlobalSection
	GlobalSection(ProjectConfigurationPlatforms) = postSolution
		{9759A008-FBF5-4A87-BD4F-6B40E04CA582}.Debug|Any CPU.ActiveCfg = Debug|Any CPU
		{9759A008-FBF5-4A87-BD4F-6B40E04CA582}.Debug|Any CPU.Build.0 = Debug|Any CPU
		{9759A008-FBF5-4A87-BD4F-6B40E04CA582}.Release|Any CPU.ActiveCfg = Release|Any CPU
		{9759A008-FBF5-4A87-BD4F-6B40E04CA582}.Release|Any CPU.Build.0 = Release|Any CPU
		{0E8EB77A-FB50-4529-AD77-304B6F8FD58D}.Debug|Any CPU.ActiveCfg = Debug|Any CPU
		{0E8EB77A-FB50-4529-AD77-304B6F8FD58D}.Debug|Any CPU.Build.0 = Debug|Any CPU
		{0E8EB77A-FB50-4529-AD77-304B6F8FD58D}.Release|Any CPU.ActiveCfg = Release|Any CPU
		{0E8EB77A-FB50-4529-AD77-304B6F8FD58D}.Release|Any CPU.Build.0 = Release|Any CPU
		{763A0121-EFE2-4CFB-94DD-27A63300AA0B}.Debug|Any CPU.ActiveCfg = Debug|Any CPU
		{763A0121-EFE2-4CFB-94DD-27A63300AA0B}.Debug|Any CPU.Build.0 = Debug|Any CPU
		{763A0121-EFE2-4CFB-94DD-27A63300AA0B}.Release|Any CPU.ActiveCfg = Release|Any CPU
		{763A0121-EFE2-4CFB-94DD-27A63300AA0B}.Release|Any CPU.Build.0 = Release|Any CPU
		{5CFE860C-46BC-40A6-8F2A-3229A67C1701}.Debug|Any CPU.ActiveCfg = Debug|Any CPU
		{5CFE860C-46BC-40A6-8F2A-3229A67C1701}.Debug|Any CPU.Build.0 = Debug|Any CPU
		{5CFE860C-46BC-40A6-8F2A-3229A67C1701}.Release|Any CPU.ActiveCfg = Release|Any CPU
		{5CFE860C-46BC-40A6-8F2A-3229A67C1701}.Release|Any CPU.Build.0 = Release|Any CPU
	EndGlobalSection
	GlobalSection(SolutionProperties) = preSolution
		HideSolutionNode = FALSE
	EndGlobalSection
	GlobalSection(ExtensibilityGlobals) = postSolution
		SolutionGuid = {09B91277-09A6-4D63-924A-FE9785337B58}
	EndGlobalSection
EndGlobal
